
Microsoft Visual Studio Solution File, Format Version 12.00
# Visual Studio Version 17
VisualStudioVersion = 17.13.35806.99 d17.13
MinimumVisualStudioVersion = 10.0.40219.1
Project("{FAE04EC0-301F-11D3-BF4B-00C04F79EFBC}") = "ice2", "ice2\ice2.csproj", "{98B32BEF-FE2F-42A9-85CD-A4A0C12F693C}"
EndProject
Global
	GlobalSection(SolutionConfigurationPlatforms) = preSolution
		Debug|Any CPU = Debug|Any CPU
		Release|Any CPU = Release|Any CPU
	EndGlobalSection
	GlobalSection(ProjectConfigurationPlatforms) = postSolution
		{98B32BEF-FE2F-42A9-85CD-A4A0C12F693C}.Debug|Any CPU.ActiveCfg = Debug|Any CPU
		{98B32BEF-FE2F-42A9-85CD-A4A0C12F693C}.Debug|Any CPU.Build.0 = Debug|Any CPU
		{98B32BEF-FE2F-42A9-85CD-A4A0C12F693C}.Release|Any CPU.ActiveCfg = Release|Any CPU
		{98B32BEF-FE2F-42A9-85CD-A4A0C12F693C}.Release|Any CPU.Build.0 = Release|Any CPU
	EndGlobalSection
	GlobalSection(SolutionProperties) = preSolution
		HideSolutionNode = FALSE
	EndGlobalSection
	GlobalSection(ExtensibilityGlobals) = postSolution
		SolutionGuid = {045D23FF-F4B3-4C18-82DE-4FF6BA82B291}
	EndGlobalSection
EndGlobal
